
Microsoft Visual Studio Solution File, Format Version 12.00
# Visual Studio 2012
Project("{FAE04EC0-301F-11D3-BF4B-00C04F79EFBC}") = "Task4", "Task4\Task4.csproj", "{3B6CABA6-06E7-4611-87E8-C9EDD4957A55}"
EndProject
Project("{FAE04EC0-301F-11D3-BF4B-00C04F79EFBC}") = "Task1", "Task1\Task1.csproj", "{AC5906BC-7DA0-4FE4-9310-94CF57395AA9}"
EndProject
Project("{FAE04EC0-301F-11D3-BF4B-00C04F79EFBC}") = "Task2", "Task2\Task2.csproj", "{864505C7-9AFC-4856-B3B9-F9885D251543}"
EndProject
Project("{FAE04EC0-301F-11D3-BF4B-00C04F79EFBC}") = "Task3", "Task3\Task3.csproj", "{BB9C8EC1-6D2E-43E3-BF48-2E809EEEB2F9}"
EndProject
Global
	GlobalSection(SolutionConfigurationPlatforms) = preSolution
		Debug|Any CPU = Debug|Any CPU
		Release|Any CPU = Release|Any CPU
	EndGlobalSection
	GlobalSection(ProjectConfigurationPlatforms) = postSolution
		{3B6CABA6-06E7-4611-87E8-C9EDD4957A55}.Debug|Any CPU.ActiveCfg = Debug|Any CPU
		{3B6CABA6-06E7-4611-87E8-C9EDD4957A55}.Debug|Any CPU.Build.0 = Debug|Any CPU
		{3B6CABA6-06E7-4611-87E8-C9EDD4957A55}.Release|Any CPU.ActiveCfg = Release|Any CPU
		{3B6CABA6-06E7-4611-87E8-C9EDD4957A55}.Release|Any CPU.Build.0 = Release|Any CPU
		{AC5906BC-7DA0-4FE4-9310-94CF57395AA9}.Debug|Any CPU.ActiveCfg = Debug|Any CPU
		{AC5906BC-7DA0-4FE4-9310-94CF57395AA9}.Debug|Any CPU.Build.0 = Debug|Any CPU
		{AC5906BC-7DA0-4FE4-9310-94CF57395AA9}.Release|Any CPU.ActiveCfg = Release|Any CPU
		{AC5906BC-7DA0-4FE4-9310-94CF57395AA9}.Release|Any CPU.Build.0 = Release|Any CPU
		{864505C7-9AFC-4856-B3B9-F9885D251543}.Debug|Any CPU.ActiveCfg = Debug|Any CPU
		{864505C7-9AFC-4856-B3B9-F9885D251543}.Debug|Any CPU.Build.0 = Debug|Any CPU
		{864505C7-9AFC-4856-B3B9-F9885D251543}.Release|Any CPU.ActiveCfg = Release|Any CPU
		{864505C7-9AFC-4856-B3B9-F9885D251543}.Release|Any CPU.Build.0 = Release|Any CPU
		{BB9C8EC1-6D2E-43E3-BF48-2E809EEEB2F9}.Debug|Any CPU.ActiveCfg = Debug|Any CPU
		{BB9C8EC1-6D2E-43E3-BF48-2E809EEEB2F9}.Debug|Any CPU.Build.0 = Debug|Any CPU
		{BB9C8EC1-6D2E-43E3-BF48-2E809EEEB2F9}.Release|Any CPU.ActiveCfg = Release|Any CPU
		{BB9C8EC1-6D2E-43E3-BF48-2E809EEEB2F9}.Release|Any CPU.Build.0 = Release|Any CPU
	EndGlobalSection
EndGlobal
